
Microsoft Visual Studio Solution File, Format Version 12.00
# Visual Studio Version 16
VisualStudioVersion = 16.0.29920.165
MinimumVisualStudioVersion = 10.0.40219.1
Project("{FAE04EC0-301F-11D3-BF4B-00C04F79EFBC}") = "JWTDemo", "JWTDemo.csproj", "{EF9B2AA6-F206-46AC-BF9C-0B1987B9830E}"
EndProject
Global
	GlobalSection(SolutionConfigurationPlatforms) = preSolution
		Debug|Any CPU = Debug|Any CPU
		Release|Any CPU = Release|Any CPU
	EndGlobalSection
	GlobalSection(ProjectConfigurationPlatforms) = postSolution
		{EF9B2AA6-F206-46AC-BF9C-0B1987B9830E}.Debug|Any CPU.ActiveCfg = Debug|Any CPU
		{EF9B2AA6-F206-46AC-BF9C-0B1987B9830E}.Debug|Any CPU.Build.0 = Debug|Any CPU
		{EF9B2AA6-F206-46AC-BF9C-0B1987B9830E}.Release|Any CPU.ActiveCfg = Release|Any CPU
		{EF9B2AA6-F206-46AC-BF9C-0B1987B9830E}.Release|Any CPU.Build.0 = Release|Any CPU
	EndGlobalSection
	GlobalSection(SolutionProperties) = preSolution
		HideSolutionNode = FALSE
	EndGlobalSection
	GlobalSection(ExtensibilityGlobals) = postSolution
		SolutionGuid = {5DFB24BC-FC21-41C0-9AF4-FE615F3B78FD}
	EndGlobalSection
EndGlobal
